// !$*UTF8*$!
{
	archiveVersion = 1;
	classes = {
	};
	objectVersion = 46;
	objects = {

/* Begin PBXFileReference section */
		3811AADD1C7DDF2100C96786 /* excl.svg */ = {isa = PBXFileReference; explicitFileType = text.xml; path = excl.svg; sourceTree = "<group>"; };
		3811AADE1C7DDF9600C96786 /* responsive.css */ = {isa = PBXFileReference; lastKnownFileType = text.css; path = responsive.css; sourceTree = "<group>"; };
		3811AADF1C7DF44900C96786 /* good.svg */ = {isa = PBXFileReference; explicitFileType = text.xml; path = good.svg; sourceTree = "<group>"; };
		3811AAE01C7E024600C96786 /* recursion.html */ = {isa = PBXFileReference; lastKnownFileType = text.html; path = recursion.html; sourceTree = "<group>"; };
		3843FF4D1C73255800FC5A8E /* time.html */ = {isa = PBXFileReference; lastKnownFileType = text.html; path = time.html; sourceTree = "<group>"; };
		3843FF4F1C73298500FC5A8E /* responsive.html */ = {isa = PBXFileReference; lastKnownFileType = text.html; path = responsive.html; sourceTree = "<group>"; };
		3883E06F1C77080500AAB775 /* double_test.cpp */ = {isa = PBXFileReference; lastKnownFileType = sourcecode.cpp.cpp; path = double_test.cpp; sourceTree = "<group>"; };
		38DF12EC1C747C8000D25C14 /* myObject.txt */ = {isa = PBXFileReference; lastKnownFileType = text; path = myObject.txt; sourceTree = "<group>"; };
		38DF12ED1C74A95900D25C14 /* small.html */ = {isa = PBXFileReference; lastKnownFileType = text.html; path = small.html; sourceTree = "<group>"; };
		38DF12EE1C74DB7200D25C14 /* types.html */ = {isa = PBXFileReference; lastKnownFileType = text.html; path = types.html; sourceTree = "<group>"; };
		38DF12EF1C74DBF100D25C14 /* request.html */ = {isa = PBXFileReference; lastKnownFileType = text.html; path = request.html; sourceTree = "<group>"; };
/* End PBXFileReference section */

/* Begin PBXGroup section */
		3843FF441C7324B800FC5A8E = {
			isa = PBXGroup;
			children = (
				3843FF4B1C73255800FC5A8E /* JavaScript */,
			);
			sourceTree = "<group>";
		};
		3843FF4B1C73255800FC5A8E /* JavaScript */ = {
			isa = PBXGroup;
			children = (
				3843FF4E1C73298500FC5A8E /* Example2 Responsive */,
				3843FF4C1C73255800FC5A8E /* Example1 */,
			);
			path = JavaScript;
			sourceTree = "<group>";
		};
		3843FF4C1C73255800FC5A8E /* Example1 */ = {
			isa = PBXGroup;
			children = (
				38DF12EF1C74DBF100D25C14 /* request.html */,
				38DF12EE1C74DB7200D25C14 /* types.html */,
				38DF12ED1C74A95900D25C14 /* small.html */,
				3811AAE01C7E024600C96786 /* recursion.html */,
				3843FF4D1C73255800FC5A8E /* time.html */,
				38DF12EC1C747C8000D25C14 /* myObject.txt */,
				3883E06F1C77080500AAB775 /* double_test.cpp */,
			);
			path = Example1;
			sourceTree = "<group>";
		};
		3843FF4E1C73298500FC5A8E /* Example2 Responsive */ = {
			isa = PBXGroup;
			children = (
				3843FF4F1C73298500FC5A8E /* responsive.html */,
				3811AADD1C7DDF2100C96786 /* excl.svg */,
				3811AADF1C7DF44900C96786 /* good.svg */,
				3811AADE1C7DDF9600C96786 /* responsive.css */,
			);
			path = "Example2 Responsive";
			sourceTree = "<group>";
		};
/* End PBXGroup section */

/* Begin PBXProject section */
		3843FF451C7324B800FC5A8E /* Project object */ = {
			isa = PBXProject;
			attributes = {
				LastUpgradeCheck = 0720;
			};
			buildConfigurationList = 3843FF481C7324B800FC5A8E /* Build configuration list for PBXProject "Labs" */;
			compatibilityVersion = "Xcode 3.2";
			developmentRegion = English;
			hasScannedForEncodings = 0;
			knownRegions = (
				en,
			);
			mainGroup = 3843FF441C7324B800FC5A8E;
			projectDirPath = "";
			projectRoot = "";
			targets = (
			);
		};
/* End PBXProject section */

/* Begin XCBuildConfiguration section */
		3843FF491C7324B800FC5A8E /* Debug */ = {
			isa = XCBuildConfiguration;
			buildSettings = {
			};
			name = Debug;
		};
		3843FF4A1C7324B800FC5A8E /* Release */ = {
			isa = XCBuildConfiguration;
			buildSettings = {
			};
			name = Release;
		};
/* End XCBuildConfiguration section */

/* Begin XCConfigurationList section */
		3843FF481C7324B800FC5A8E /* Build configuration list for PBXProject "Labs" */ = {
			isa = XCConfigurationList;
			buildConfigurations = (
				3843FF491C7324B800FC5A8E /* Debug */,
				3843FF4A1C7324B800FC5A8E /* Release */,
			);
			defaultConfigurationIsVisible = 0;
			defaultConfigurationName = Release;
		};
/* End XCConfigurationList section */
	};
	rootObject = 3843FF451C7324B800FC5A8E /* Project object */;
}
